
Microsoft Visual Studio Solution File, Format Version 12.00
# Visual Studio 15
VisualStudioVersion = 15.0.26730.15
MinimumVisualStudioVersion = 10.0.40219.1
Project("{FAE04EC0-301F-11D3-BF4B-00C04F79EFBC}") = "mBESS", "mBESS\mBESS.csproj", "{00C67421-9386-4D09-B6B9-62896C5ADEE8}"
EndProject
Global
	GlobalSection(SolutionConfigurationPlatforms) = preSolution
		Debug|Any CPU = Debug|Any CPU
		Release|Any CPU = Release|Any CPU
	EndGlobalSection
	GlobalSection(ProjectConfigurationPlatforms) = postSolution
		{00C67421-9386-4D09-B6B9-62896C5ADEE8}.Debug|Any CPU.ActiveCfg = Debug|Any CPU
		{00C67421-9386-4D09-B6B9-62896C5ADEE8}.Debug|Any CPU.Build.0 = Debug|Any CPU
		{00C67421-9386-4D09-B6B9-62896C5ADEE8}.Release|Any CPU.ActiveCfg = Release|Any CPU
		{00C67421-9386-4D09-B6B9-62896C5ADEE8}.Release|Any CPU.Build.0 = Release|Any CPU
	EndGlobalSection
	GlobalSection(SolutionProperties) = preSolution
		HideSolutionNode = FALSE
	EndGlobalSection
	GlobalSection(ExtensibilityGlobals) = postSolution
		SolutionGuid = {7B2EA3A9-F895-464D-BBB3-511311A4FF08}
	EndGlobalSection
EndGlobal
